
Microsoft Visual Studio Solution File, Format Version 12.00
# Visual Studio Version 17
VisualStudioVersion = 17.9.34607.119
MinimumVisualStudioVersion = 10.0.40219.1
Project("{9A19103F-16F7-4668-BE54-9A1E7A4F7556}") = "LibraryManagementSystem", "LibraryManagementSystem\LibraryManagementSystem.csproj", "{EB3B5158-7ED4-44C7-9231-BF8353E9DAE8}"
EndProject
Project("{FAE04EC0-301F-11D3-BF4B-00C04F79EFBC}") = "LibraryManagementSystem.Shared", "LibraryManagementSystem.Shared\LibraryManagementSystem.Shared.csproj", "{68AB9A9A-863A-40AF-80EC-2A878ED0C08E}"
EndProject
Global
	GlobalSection(SolutionConfigurationPlatforms) = preSolution
		Debug|Any CPU = Debug|Any CPU
		Release|Any CPU = Release|Any CPU
	EndGlobalSection
	GlobalSection(ProjectConfigurationPlatforms) = postSolution
		{EB3B5158-7ED4-44C7-9231-BF8353E9DAE8}.Debug|Any CPU.ActiveCfg = Debug|Any CPU
		{EB3B5158-7ED4-44C7-9231-BF8353E9DAE8}.Debug|Any CPU.Build.0 = Debug|Any CPU
		{EB3B5158-7ED4-44C7-9231-BF8353E9DAE8}.Release|Any CPU.ActiveCfg = Release|Any CPU
		{EB3B5158-7ED4-44C7-9231-BF8353E9DAE8}.Release|Any CPU.Build.0 = Release|Any CPU
		{68AB9A9A-863A-40AF-80EC-2A878ED0C08E}.Debug|Any CPU.ActiveCfg = Debug|Any CPU
		{68AB9A9A-863A-40AF-80EC-2A878ED0C08E}.Debug|Any CPU.Build.0 = Debug|Any CPU
		{68AB9A9A-863A-40AF-80EC-2A878ED0C08E}.Release|Any CPU.ActiveCfg = Release|Any CPU
		{68AB9A9A-863A-40AF-80EC-2A878ED0C08E}.Release|Any CPU.Build.0 = Release|Any CPU
	EndGlobalSection
	GlobalSection(SolutionProperties) = preSolution
		HideSolutionNode = FALSE
	EndGlobalSection
	GlobalSection(ExtensibilityGlobals) = postSolution
		SolutionGuid = {80E94D18-3EA6-4D53-952C-35C86AD24719}
	EndGlobalSection
EndGlobal
